
Microsoft Visual Studio Solution File, Format Version 12.00
# Visual Studio 15
VisualStudioVersion = 15.0.27428.2011
MinimumVisualStudioVersion = 10.0.40219.1
Project("{FAE04EC0-301F-11D3-BF4B-00C04F79EFBC}") = "PAVCars", "PAVCars\PAVCars.csproj", "{52938A95-8487-4C88-A6EE-45AC6F5B85A3}"
EndProject
Global
	GlobalSection(SolutionConfigurationPlatforms) = preSolution
		Debug|Any CPU = Debug|Any CPU
		Release|Any CPU = Release|Any CPU
	EndGlobalSection
	GlobalSection(ProjectConfigurationPlatforms) = postSolution
		{52938A95-8487-4C88-A6EE-45AC6F5B85A3}.Debug|Any CPU.ActiveCfg = Debug|Any CPU
		{52938A95-8487-4C88-A6EE-45AC6F5B85A3}.Debug|Any CPU.Build.0 = Debug|Any CPU
		{52938A95-8487-4C88-A6EE-45AC6F5B85A3}.Release|Any CPU.ActiveCfg = Release|Any CPU
		{52938A95-8487-4C88-A6EE-45AC6F5B85A3}.Release|Any CPU.Build.0 = Release|Any CPU
	EndGlobalSection
	GlobalSection(SolutionProperties) = preSolution
		HideSolutionNode = FALSE
	EndGlobalSection
	GlobalSection(ExtensibilityGlobals) = postSolution
		SolutionGuid = {E266829B-F0DB-4B97-9D2F-CB75C5FE3774}
	EndGlobalSection
EndGlobal
